
Microsoft Visual Studio Solution File, Format Version 12.00
# Visual Studio Version 16
VisualStudioVersion = 16.0.33529.622
MinimumVisualStudioVersion = 10.0.40219.1
Project("{FAE04EC0-301F-11D3-BF4B-00C04F79EFBC}") = "AppSelenium", "AppSelenium.csproj", "{501AA6AF-245B-445A-A316-903D829CB1D8}"
EndProject
Global
	GlobalSection(SolutionConfigurationPlatforms) = preSolution
		Debug|Any CPU = Debug|Any CPU
		Release|Any CPU = Release|Any CPU
	EndGlobalSection
	GlobalSection(ProjectConfigurationPlatforms) = postSolution
		{501AA6AF-245B-445A-A316-903D829CB1D8}.Debug|Any CPU.ActiveCfg = Debug|Any CPU
		{501AA6AF-245B-445A-A316-903D829CB1D8}.Debug|Any CPU.Build.0 = Debug|Any CPU
		{501AA6AF-245B-445A-A316-903D829CB1D8}.Release|Any CPU.ActiveCfg = Release|Any CPU
		{501AA6AF-245B-445A-A316-903D829CB1D8}.Release|Any CPU.Build.0 = Release|Any CPU
	EndGlobalSection
	GlobalSection(SolutionProperties) = preSolution
		HideSolutionNode = FALSE
	EndGlobalSection
	GlobalSection(ExtensibilityGlobals) = postSolution
		SolutionGuid = {95C3C0A9-9A4A-4D4E-906E-A9F94647494B}
	EndGlobalSection
EndGlobal
